
Microsoft Visual Studio Solution File, Format Version 12.00
# Visual Studio 15
VisualStudioVersion = 15.0.28010.2041
MinimumVisualStudioVersion = 10.0.40219.1
Project("{FAE04EC0-301F-11D3-BF4B-00C04F79EFBC}") = "XGame.Domain", "XGame.Domain\XGame.Domain.csproj", "{C12872C1-F0EC-431D-9D17-3061087C46E3}"
EndProject
Project("{FAE04EC0-301F-11D3-BF4B-00C04F79EFBC}") = "XGame.AppConsole", "XGame.AppConsole\XGame.AppConsole.csproj", "{FC465459-0244-41A9-A881-9AC8CF135B88}"
EndProject
Project("{FAE04EC0-301F-11D3-BF4B-00C04F79EFBC}") = "XGame.Infra", "XGame.Infra\XGame.Infra.csproj", "{B46193FC-8429-4D6C-9D89-1D05445920F5}"
EndProject
Project("{FAE04EC0-301F-11D3-BF4B-00C04F79EFBC}") = "XGame.Ioc", "XGame.Ioc\XGame.Ioc.csproj", "{4F0B8259-05B1-4D5F-8EF7-65C849C5920A}"
EndProject
Global
	GlobalSection(SolutionConfigurationPlatforms) = preSolution
		Debug|Any CPU = Debug|Any CPU
		Release|Any CPU = Release|Any CPU
	EndGlobalSection
	GlobalSection(ProjectConfigurationPlatforms) = postSolution
		{C12872C1-F0EC-431D-9D17-3061087C46E3}.Debug|Any CPU.ActiveCfg = Debug|Any CPU
		{C12872C1-F0EC-431D-9D17-3061087C46E3}.Debug|Any CPU.Build.0 = Debug|Any CPU
		{C12872C1-F0EC-431D-9D17-3061087C46E3}.Release|Any CPU.ActiveCfg = Release|Any CPU
		{C12872C1-F0EC-431D-9D17-3061087C46E3}.Release|Any CPU.Build.0 = Release|Any CPU
		{FC465459-0244-41A9-A881-9AC8CF135B88}.Debug|Any CPU.ActiveCfg = Debug|Any CPU
		{FC465459-0244-41A9-A881-9AC8CF135B88}.Debug|Any CPU.Build.0 = Debug|Any CPU
		{FC465459-0244-41A9-A881-9AC8CF135B88}.Release|Any CPU.ActiveCfg = Release|Any CPU
		{FC465459-0244-41A9-A881-9AC8CF135B88}.Release|Any CPU.Build.0 = Release|Any CPU
		{B46193FC-8429-4D6C-9D89-1D05445920F5}.Debug|Any CPU.ActiveCfg = Debug|Any CPU
		{B46193FC-8429-4D6C-9D89-1D05445920F5}.Debug|Any CPU.Build.0 = Debug|Any CPU
		{B46193FC-8429-4D6C-9D89-1D05445920F5}.Release|Any CPU.ActiveCfg = Release|Any CPU
		{B46193FC-8429-4D6C-9D89-1D05445920F5}.Release|Any CPU.Build.0 = Release|Any CPU
		{4F0B8259-05B1-4D5F-8EF7-65C849C5920A}.Debug|Any CPU.ActiveCfg = Debug|Any CPU
		{4F0B8259-05B1-4D5F-8EF7-65C849C5920A}.Debug|Any CPU.Build.0 = Debug|Any CPU
		{4F0B8259-05B1-4D5F-8EF7-65C849C5920A}.Release|Any CPU.ActiveCfg = Release|Any CPU
		{4F0B8259-05B1-4D5F-8EF7-65C849C5920A}.Release|Any CPU.Build.0 = Release|Any CPU
	EndGlobalSection
	GlobalSection(SolutionProperties) = preSolution
		HideSolutionNode = FALSE
	EndGlobalSection
	GlobalSection(ExtensibilityGlobals) = postSolution
		SolutionGuid = {4D15B880-071E-4EC1-BF97-7FFD72C292D5}
	EndGlobalSection
EndGlobal
